
Microsoft Visual Studio Solution File, Format Version 12.00
# Visual Studio Version 17
VisualStudioVersion = 17.1.32421.90
MinimumVisualStudioVersion = 10.0.40219.1
Project("{FAE04EC0-301F-11D3-BF4B-00C04F79EFBC}") = "WindowsFormsApp2", "WindowsFormsApp2\WindowsFormsApp2.csproj", "{953B15D8-84E7-45E1-9816-875E27CFA3B7}"
EndProject
Global
	GlobalSection(SolutionConfigurationPlatforms) = preSolution
		Debug|Any CPU = Debug|Any CPU
		Release|Any CPU = Release|Any CPU
	EndGlobalSection
	GlobalSection(ProjectConfigurationPlatforms) = postSolution
		{953B15D8-84E7-45E1-9816-875E27CFA3B7}.Debug|Any CPU.ActiveCfg = Debug|Any CPU
		{953B15D8-84E7-45E1-9816-875E27CFA3B7}.Debug|Any CPU.Build.0 = Debug|Any CPU
		{953B15D8-84E7-45E1-9816-875E27CFA3B7}.Release|Any CPU.ActiveCfg = Release|Any CPU
		{953B15D8-84E7-45E1-9816-875E27CFA3B7}.Release|Any CPU.Build.0 = Release|Any CPU
	EndGlobalSection
	GlobalSection(SolutionProperties) = preSolution
		HideSolutionNode = FALSE
	EndGlobalSection
	GlobalSection(ExtensibilityGlobals) = postSolution
		SolutionGuid = {B25F7653-057B-4F3B-8A1A-56491F0BF813}
	EndGlobalSection
EndGlobal
